// !$*UTF8*$!
{
	archiveVersion = 1;
	classes = {
	};
	objectVersion = 77;
	objects = {

/* Begin PBXBuildFile section */
		B10000000000000000000001 /* sumire-keyboardKeyboard.appex in Embed App Extensions */ = {isa = PBXBuildFile; fileRef = B10000000000000000000004 /* sumire-keyboardKeyboard.appex */; settings = {ATTRIBUTES = (RemoveHeadersOnCopy, ); }; };
/* End PBXBuildFile section */

/* Begin PBXContainerItemProxy section */
		A4EBDFB22F93627000764A31 /* PBXContainerItemProxy */ = {
			isa = PBXContainerItemProxy;
			containerPortal = A4EBDF9C2F93626E00764A31 /* Project object */;
			proxyType = 1;
			remoteGlobalIDString = A4EBDFA32F93626E00764A31;
			remoteInfo = "sumire-keyboard";
		};
		A4EBDFBC2F93627000764A31 /* PBXContainerItemProxy */ = {
			isa = PBXContainerItemProxy;
			containerPortal = A4EBDF9C2F93626E00764A31 /* Project object */;
			proxyType = 1;
			remoteGlobalIDString = A4EBDFA32F93626E00764A31;
			remoteInfo = "sumire-keyboard";
		};
		B10000000000000000000002 /* PBXContainerItemProxy */ = {
			isa = PBXContainerItemProxy;
			containerPortal = A4EBDF9C2F93626E00764A31 /* Project object */;
			proxyType = 1;
			remoteGlobalIDString = B10000000000000000000007;
			remoteInfo = "sumire-keyboardKeyboard";
		};
/* End PBXContainerItemProxy section */

/* Begin PBXCopyFilesBuildPhase section */
		B10000000000000000000003 /* Embed App Extensions */ = {
			isa = PBXCopyFilesBuildPhase;
			buildActionMask = 2147483647;
			dstPath = "";
			dstSubfolderSpec = 13;
			files = (
				B10000000000000000000001 /* sumire-keyboardKeyboard.appex in Embed App Extensions */,
			);
			name = "Embed App Extensions";
			runOnlyForDeploymentPostprocessing = 0;
		};
/* End PBXCopyFilesBuildPhase section */

/* Begin PBXFileReference section */
		A4EBDFA42F93626E00764A31 /* sumire-keyboard.app */ = {isa = PBXFileReference; explicitFileType = wrapper.application; includeInIndex = 0; path = "sumire-keyboard.app"; sourceTree = BUILT_PRODUCTS_DIR; };
		A4EBDFB12F93627000764A31 /* sumire-keyboardTests.xctest */ = {isa = PBXFileReference; explicitFileType = wrapper.cfbundle; includeInIndex = 0; path = "sumire-keyboardTests.xctest"; sourceTree = BUILT_PRODUCTS_DIR; };
		A4EBDFBB2F93627000764A31 /* sumire-keyboardUITests.xctest */ = {isa = PBXFileReference; explicitFileType = wrapper.cfbundle; includeInIndex = 0; path = "sumire-keyboardUITests.xctest"; sourceTree = BUILT_PRODUCTS_DIR; };
		B10000000000000000000004 /* sumire-keyboardKeyboard.appex */ = {isa = PBXFileReference; explicitFileType = "wrapper.app-extension"; includeInIndex = 0; path = "sumire-keyboardKeyboard.appex"; sourceTree = BUILT_PRODUCTS_DIR; };
/* End PBXFileReference section */

/* Begin PBXFileSystemSynchronizedRootGroup section */
		A4EBDFA62F93626E00764A31 /* sumire-keyboard */ = {
			isa = PBXFileSystemSynchronizedRootGroup;
			path = "sumire-keyboard";
			sourceTree = "<group>";
		};
		A4EBDFB42F93627000764A31 /* sumire-keyboardTests */ = {
			isa = PBXFileSystemSynchronizedRootGroup;
			path = "sumire-keyboardTests";
			sourceTree = "<group>";
		};
		A4EBDFBE2F93627000764A31 /* sumire-keyboardUITests */ = {
			isa = PBXFileSystemSynchronizedRootGroup;
			path = "sumire-keyboardUITests";
			sourceTree = "<group>";
		};
		B10000000000000000000005 /* sumire-keyboardKeyboard */ = {
			isa = PBXFileSystemSynchronizedRootGroup;
			path = "sumire-keyboardKeyboard";
			sourceTree = "<group>";
		};
/* End PBXFileSystemSynchronizedRootGroup section */

/* Begin PBXFrameworksBuildPhase section */
		A4EBDFA12F93626E00764A31 /* Frameworks */ = {
			isa = PBXFrameworksBuildPhase;
			buildActionMask = 2147483647;
			files = (
			);
			runOnlyForDeploymentPostprocessing = 0;
		};
		A4EBDFAE2F93627000764A31 /* Frameworks */ = {
			isa = PBXFrameworksBuildPhase;
			buildActionMask = 2147483647;
			files = (
			);
			runOnlyForDeploymentPostprocessing = 0;
		};
		A4EBDFB82F93627000764A31 /* Frameworks */ = {
			isa = PBXFrameworksBuildPhase;
			buildActionMask = 2147483647;
			files = (
			);
			runOnlyForDeploymentPostprocessing = 0;
		};
		B10000000000000000000006 /* Frameworks */ = {
			isa = PBXFrameworksBuildPhase;
			buildActionMask = 2147483647;
			files = (
			);
			runOnlyForDeploymentPostprocessing = 0;
		};
/* End PBXFrameworksBuildPhase section */

/* Begin PBXGroup section */
		A4EBDF9B2F93626E00764A31 = {
			isa = PBXGroup;
			children = (
				A4EBDFA62F93626E00764A31 /* sumire-keyboard */,
				B10000000000000000000005 /* sumire-keyboardKeyboard */,
				A4EBDFB42F93627000764A31 /* sumire-keyboardTests */,
				A4EBDFBE2F93627000764A31 /* sumire-keyboardUITests */,
				A4EBDFA52F93626E00764A31 /* Products */,
			);
			sourceTree = "<group>";
		};
		A4EBDFA52F93626E00764A31 /* Products */ = {
			isa = PBXGroup;
			children = (
				A4EBDFA42F93626E00764A31 /* sumire-keyboard.app */,
				B10000000000000000000004 /* sumire-keyboardKeyboard.appex */,
				A4EBDFB12F93627000764A31 /* sumire-keyboardTests.xctest */,
				A4EBDFBB2F93627000764A31 /* sumire-keyboardUITests.xctest */,
			);
			name = Products;
			sourceTree = "<group>";
		};
/* End PBXGroup section */

/* Begin PBXNativeTarget section */
		A4EBDFA32F93626E00764A31 /* sumire-keyboard */ = {
			isa = PBXNativeTarget;
			buildConfigurationList = A4EBDFC52F93627000764A31 /* Build configuration list for PBXNativeTarget "sumire-keyboard" */;
			buildPhases = (
				A4EBDFA02F93626E00764A31 /* Sources */,
				A4EBDFA12F93626E00764A31 /* Frameworks */,
				A4EBDFA22F93626E00764A31 /* Resources */,
				B10000000000000000000003 /* Embed App Extensions */,
			);
			buildRules = (
			);
			dependencies = (
				B1000000000000000000000A /* PBXTargetDependency */,
			);
			fileSystemSynchronizedGroups = (
				A4EBDFA62F93626E00764A31 /* sumire-keyboard */,
			);
			name = "sumire-keyboard";
			packageProductDependencies = (
			);
			productName = "sumire-keyboard";
			productReference = A4EBDFA42F93626E00764A31 /* sumire-keyboard.app */;
			productType = "com.apple.product-type.application";
		};
		A4EBDFB02F93627000764A31 /* sumire-keyboardTests */ = {
			isa = PBXNativeTarget;
			buildConfigurationList = A4EBDFC82F93627000764A31 /* Build configuration list for PBXNativeTarget "sumire-keyboardTests" */;
			buildPhases = (
				A4EBDFAD2F93627000764A31 /* Sources */,
				A4EBDFAE2F93627000764A31 /* Frameworks */,
				A4EBDFAF2F93627000764A31 /* Resources */,
			);
			buildRules = (
			);
			dependencies = (
				A4EBDFB32F93627000764A31 /* PBXTargetDependency */,
			);
			fileSystemSynchronizedGroups = (
				A4EBDFB42F93627000764A31 /* sumire-keyboardTests */,
			);
			name = "sumire-keyboardTests";
			packageProductDependencies = (
			);
			productName = "sumire-keyboardTests";
			productReference = A4EBDFB12F93627000764A31 /* sumire-keyboardTests.xctest */;
			productType = "com.apple.product-type.bundle.unit-test";
		};
		A4EBDFBA2F93627000764A31 /* sumire-keyboardUITests */ = {
			isa = PBXNativeTarget;
			buildConfigurationList = A4EBDFCB2F93627000764A31 /* Build configuration list for PBXNativeTarget "sumire-keyboardUITests" */;
			buildPhases = (
				A4EBDFB72F93627000764A31 /* Sources */,
				A4EBDFB82F93627000764A31 /* Frameworks */,
				A4EBDFB92F93627000764A31 /* Resources */,
			);
			buildRules = (
			);
			dependencies = (
				A4EBDFBD2F93627000764A31 /* PBXTargetDependency */,
			);
			fileSystemSynchronizedGroups = (
				A4EBDFBE2F93627000764A31 /* sumire-keyboardUITests */,
			);
			name = "sumire-keyboardUITests";
			packageProductDependencies = (
			);
			productName = "sumire-keyboardUITests";
			productReference = A4EBDFBB2F93627000764A31 /* sumire-keyboardUITests.xctest */;
			productType = "com.apple.product-type.bundle.ui-testing";
		};
		B10000000000000000000007 /* sumire-keyboardKeyboard */ = {
			isa = PBXNativeTarget;
			buildConfigurationList = B1000000000000000000000D /* Build configuration list for PBXNativeTarget "sumire-keyboardKeyboard" */;
			buildPhases = (
				B10000000000000000000009 /* Sources */,
				B10000000000000000000006 /* Frameworks */,
				B10000000000000000000008 /* Resources */,
			);
			buildRules = (
			);
			dependencies = (
			);
			fileSystemSynchronizedGroups = (
				B10000000000000000000005 /* sumire-keyboardKeyboard */,
			);
			name = "sumire-keyboardKeyboard";
			packageProductDependencies = (
			);
			productName = "sumire-keyboardKeyboard";
			productReference = B10000000000000000000004 /* sumire-keyboardKeyboard.appex */;
			productType = "com.apple.product-type.app-extension";
		};
/* End PBXNativeTarget section */

/* Begin PBXProject section */
		A4EBDF9C2F93626E00764A31 /* Project object */ = {
			isa = PBXProject;
			attributes = {
				BuildIndependentTargetsInParallel = 1;
				LastSwiftUpdateCheck = 2640;
				LastUpgradeCheck = 2640;
				TargetAttributes = {
					A4EBDFA32F93626E00764A31 = {
						CreatedOnToolsVersion = 26.4.1;
					};
					A4EBDFB02F93627000764A31 = {
						CreatedOnToolsVersion = 26.4.1;
						TestTargetID = A4EBDFA32F93626E00764A31;
					};
					A4EBDFBA2F93627000764A31 = {
						CreatedOnToolsVersion = 26.4.1;
						TestTargetID = A4EBDFA32F93626E00764A31;
					};
					B10000000000000000000007 = {
						CreatedOnToolsVersion = 26.4.1;
					};
				};
			};
			buildConfigurationList = A4EBDF9F2F93626E00764A31 /* Build configuration list for PBXProject "sumire-keyboard" */;
			developmentRegion = en;
			hasScannedForEncodings = 0;
			knownRegions = (
				en,
				Base,
			);
			mainGroup = A4EBDF9B2F93626E00764A31;
			minimizedProjectReferenceProxies = 1;
			preferredProjectObjectVersion = 77;
			productRefGroup = A4EBDFA52F93626E00764A31 /* Products */;
			projectDirPath = "";
			projectRoot = "";
			targets = (
				A4EBDFA32F93626E00764A31 /* sumire-keyboard */,
				B10000000000000000000007 /* sumire-keyboardKeyboard */,
				A4EBDFB02F93627000764A31 /* sumire-keyboardTests */,
				A4EBDFBA2F93627000764A31 /* sumire-keyboardUITests */,
			);
		};
/* End PBXProject section */

/* Begin PBXResourcesBuildPhase section */
		A4EBDFA22F93626E00764A31 /* Resources */ = {
			isa = PBXResourcesBuildPhase;
			buildActionMask = 2147483647;
			files = (
			);
			runOnlyForDeploymentPostprocessing = 0;
		};
		A4EBDFAF2F93627000764A31 /* Resources */ = {
			isa = PBXResourcesBuildPhase;
			buildActionMask = 2147483647;
			files = (
			);
			runOnlyForDeploymentPostprocessing = 0;
		};
		A4EBDFB92F93627000764A31 /* Resources */ = {
			isa = PBXResourcesBuildPhase;
			buildActionMask = 2147483647;
			files = (
			);
			runOnlyForDeploymentPostprocessing = 0;
		};
		B10000000000000000000008 /* Resources */ = {
			isa = PBXResourcesBuildPhase;
			buildActionMask = 2147483647;
			files = (
			);
			runOnlyForDeploymentPostprocessing = 0;
		};
/* End PBXResourcesBuildPhase section */

/* Begin PBXSourcesBuildPhase section */
		A4EBDFA02F93626E00764A31 /* Sources */ = {
			isa = PBXSourcesBuildPhase;
			buildActionMask = 2147483647;
			files = (
			);
			runOnlyForDeploymentPostprocessing = 0;
		};
		A4EBDFAD2F93627000764A31 /* Sources */ = {
			isa = PBXSourcesBuildPhase;
			buildActionMask = 2147483647;
			files = (
			);
			runOnlyForDeploymentPostprocessing = 0;
		};
		A4EBDFB72F93627000764A31 /* Sources */ = {
			isa = PBXSourcesBuildPhase;
			buildActionMask = 2147483647;
			files = (
			);
			runOnlyForDeploymentPostprocessing = 0;
		};
		B10000000000000000000009 /* Sources */ = {
			isa = PBXSourcesBuildPhase;
			buildActionMask = 2147483647;
			files = (
			);
			runOnlyForDeploymentPostprocessing = 0;
		};
/* End PBXSourcesBuildPhase section */

/* Begin PBXTargetDependency section */
		A4EBDFB32F93627000764A31 /* PBXTargetDependency */ = {
			isa = PBXTargetDependency;
			target = A4EBDFA32F93626E00764A31 /* sumire-keyboard */;
			targetProxy = A4EBDFB22F93627000764A31 /* PBXContainerItemProxy */;
		};
		A4EBDFBD2F93627000764A31 /* PBXTargetDependency */ = {
			isa = PBXTargetDependency;
			target = A4EBDFA32F93626E00764A31 /* sumire-keyboard */;
			targetProxy = A4EBDFBC2F93627000764A31 /* PBXContainerItemProxy */;
		};
		B1000000000000000000000A /* PBXTargetDependency */ = {
			isa = PBXTargetDependency;
			target = B10000000000000000000007 /* sumire-keyboardKeyboard */;
			targetProxy = B10000000000000000000002 /* PBXContainerItemProxy */;
		};
/* End PBXTargetDependency section */

/* Begin XCBuildConfiguration section */
		A4EBDFC32F93627000764A31 /* Debug */ = {
			isa = XCBuildConfiguration;
			buildSettings = {
				ALWAYS_SEARCH_USER_PATHS = NO;
				ASSETCATALOG_COMPILER_GENERATE_SWIFT_ASSET_SYMBOL_EXTENSIONS = YES;
				CLANG_ANALYZER_NONNULL = YES;
				CLANG_ANALYZER_NUMBER_OBJECT_CONVERSION = YES_AGGRESSIVE;
				CLANG_CXX_LANGUAGE_STANDARD = "gnu++20";
				CLANG_ENABLE_MODULES = YES;
				CLANG_ENABLE_OBJC_ARC = YES;
				CLANG_ENABLE_OBJC_WEAK = YES;
				CLANG_WARN_BLOCK_CAPTURE_AUTORELEASING = YES;
				CLANG_WARN_BOOL_CONVERSION = YES;
				CLANG_WARN_COMMA = YES;
				CLANG_WARN_CONSTANT_CONVERSION = YES;
				CLANG_WARN_DEPRECATED_OBJC_IMPLEMENTATIONS = YES;
				CLANG_WARN_DIRECT_OBJC_ISA_USAGE = YES_ERROR;
				CLANG_WARN_DOCUMENTATION_COMMENTS = YES;
				CLANG_WARN_EMPTY_BODY = YES;
				CLANG_WARN_ENUM_CONVERSION = YES;
				CLANG_WARN_INFINITE_RECURSION = YES;
				CLANG_WARN_INT_CONVERSION = YES;
				CLANG_WARN_NON_LITERAL_NULL_CONVERSION = YES;
				CLANG_WARN_OBJC_IMPLICIT_RETAIN_SELF = YES;
				CLANG_WARN_OBJC_LITERAL_CONVERSION = YES;
				CLANG_WARN_OBJC_ROOT_CLASS = YES_ERROR;
				CLANG_WARN_QUOTED_INCLUDE_IN_FRAMEWORK_HEADER = YES;
				CLANG_WARN_RANGE_LOOP_ANALYSIS = YES;
				CLANG_WARN_STRICT_PROTOTYPES = YES;
				CLANG_WARN_SUSPICIOUS_MOVE = YES;
				CLANG_WARN_UNGUARDED_AVAILABILITY = YES_AGGRESSIVE;
				CLANG_WARN_UNREACHABLE_CODE = YES;
				CLANG_WARN__DUPLICATE_METHOD_MATCH = YES;
				COPY_PHASE_STRIP = NO;
				DEBUG_INFORMATION_FORMAT = dwarf;
				DEVELOPMENT_TEAM = CR44666U73;
				ENABLE_STRICT_OBJC_MSGSEND = YES;
				ENABLE_TESTABILITY = YES;
				ENABLE_USER_SCRIPT_SANDBOXING = YES;
				GCC_C_LANGUAGE_STANDARD = gnu17;
				GCC_DYNAMIC_NO_PIC = NO;
				GCC_NO_COMMON_BLOCKS = YES;
				GCC_OPTIMIZATION_LEVEL = 0;
				GCC_PREPROCESSOR_DEFINITIONS = (
					"DEBUG=1",
					"$(inherited)",
				);
				GCC_WARN_64_TO_32_BIT_CONVERSION = YES;
				GCC_WARN_ABOUT_RETURN_TYPE = YES_ERROR;
				GCC_WARN_UNDECLARED_SELECTOR = YES;
				GCC_WARN_UNINITIALIZED_AUTOS = YES_AGGRESSIVE;
				GCC_WARN_UNUSED_FUNCTION = YES;
				GCC_WARN_UNUSED_VARIABLE = YES;
				IPHONEOS_DEPLOYMENT_TARGET = 26.4;
				LOCALIZATION_PREFERS_STRING_CATALOGS = YES;
				MTL_ENABLE_DEBUG_INFO = INCLUDE_SOURCE;
				MTL_FAST_MATH = YES;
				ONLY_ACTIVE_ARCH = YES;
				SDKROOT = iphoneos;
				SWIFT_ACTIVE_COMPILATION_CONDITIONS = "DEBUG $(inherited)";
				SWIFT_OPTIMIZATION_LEVEL = "-Onone";
			};
			name = Debug;
		};
		A4EBDFC42F93627000764A31 /* Release */ = {
			isa = XCBuildConfiguration;
			buildSettings = {
				ALWAYS_SEARCH_USER_PATHS = NO;
				ASSETCATALOG_COMPILER_GENERATE_SWIFT_ASSET_SYMBOL_EXTENSIONS = YES;
				CLANG_ANALYZER_NONNULL = YES;
				CLANG_ANALYZER_NUMBER_OBJECT_CONVERSION = YES_AGGRESSIVE;
				CLANG_CXX_LANGUAGE_STANDARD = "gnu++20";
				CLANG_ENABLE_MODULES = YES;
				CLANG_ENABLE_OBJC_ARC = YES;
				CLANG_ENABLE_OBJC_WEAK = YES;
				CLANG_WARN_BLOCK_CAPTURE_AUTORELEASING = YES;
				CLANG_WARN_BOOL_CONVERSION = YES;
				CLANG_WARN_COMMA = YES;
				CLANG_WARN_CONSTANT_CONVERSION = YES;
				CLANG_WARN_DEPRECATED_OBJC_IMPLEMENTATIONS = YES;
				CLANG_WARN_DIRECT_OBJC_ISA_USAGE = YES_ERROR;
				CLANG_WARN_DOCUMENTATION_COMMENTS = YES;
				CLANG_WARN_EMPTY_BODY = YES;
				CLANG_WARN_ENUM_CONVERSION = YES;
				CLANG_WARN_INFINITE_RECURSION = YES;
				CLANG_WARN_INT_CONVERSION = YES;
				CLANG_WARN_NON_LITERAL_NULL_CONVERSION = YES;
				CLANG_WARN_OBJC_IMPLICIT_RETAIN_SELF = YES;
				CLANG_WARN_OBJC_LITERAL_CONVERSION = YES;
				CLANG_WARN_OBJC_ROOT_CLASS = YES_ERROR;
				CLANG_WARN_QUOTED_INCLUDE_IN_FRAMEWORK_HEADER = YES;
				CLANG_WARN_RANGE_LOOP_ANALYSIS = YES;
				CLANG_WARN_STRICT_PROTOTYPES = YES;
				CLANG_WARN_SUSPICIOUS_MOVE = YES;
				CLANG_WARN_UNGUARDED_AVAILABILITY = YES_AGGRESSIVE;
				CLANG_WARN_UNREACHABLE_CODE = YES;
				CLANG_WARN__DUPLICATE_METHOD_MATCH = YES;
				COPY_PHASE_STRIP = NO;
				DEBUG_INFORMATION_FORMAT = "dwarf-with-dsym";
				DEVELOPMENT_TEAM = CR44666U73;
				ENABLE_NS_ASSERTIONS = NO;
				ENABLE_STRICT_OBJC_MSGSEND = YES;
				ENABLE_USER_SCRIPT_SANDBOXING = YES;
				GCC_C_LANGUAGE_STANDARD = gnu17;
				GCC_NO_COMMON_BLOCKS = YES;
				GCC_WARN_64_TO_32_BIT_CONVERSION = YES;
				GCC_WARN_ABOUT_RETURN_TYPE = YES_ERROR;
				GCC_WARN_UNDECLARED_SELECTOR = YES;
				GCC_WARN_UNINITIALIZED_AUTOS = YES_AGGRESSIVE;
				GCC_WARN_UNUSED_FUNCTION = YES;
				GCC_WARN_UNUSED_VARIABLE = YES;
				IPHONEOS_DEPLOYMENT_TARGET = 26.4;
				LOCALIZATION_PREFERS_STRING_CATALOGS = YES;
				MTL_ENABLE_DEBUG_INFO = NO;
				MTL_FAST_MATH = YES;
				SDKROOT = iphoneos;
				SWIFT_COMPILATION_MODE = wholemodule;
				VALIDATE_PRODUCT = YES;
			};
			name = Release;
		};
		A4EBDFC62F93627000764A31 /* Debug */ = {
			isa = XCBuildConfiguration;
			buildSettings = {
				ASSETCATALOG_COMPILER_APPICON_NAME = AppIcon;
				ASSETCATALOG_COMPILER_GLOBAL_ACCENT_COLOR_NAME = AccentColor;
				CODE_SIGN_STYLE = Automatic;
				CURRENT_PROJECT_VERSION = 1;
				DEVELOPMENT_TEAM = CR44666U73;
				ENABLE_PREVIEWS = YES;
				GENERATE_INFOPLIST_FILE = YES;
				INFOPLIST_KEY_UIApplicationSceneManifest_Generation = YES;
				INFOPLIST_KEY_UIApplicationSupportsIndirectInputEvents = YES;
				INFOPLIST_KEY_UILaunchScreen_Generation = YES;
				INFOPLIST_KEY_UISupportedInterfaceOrientations_iPad = "UIInterfaceOrientationPortrait UIInterfaceOrientationPortraitUpsideDown UIInterfaceOrientationLandscapeLeft UIInterfaceOrientationLandscapeRight";
				INFOPLIST_KEY_UISupportedInterfaceOrientations_iPhone = "UIInterfaceOrientationPortrait UIInterfaceOrientationLandscapeLeft UIInterfaceOrientationLandscapeRight";
				LD_RUNPATH_SEARCH_PATHS = (
					"$(inherited)",
					"@executable_path/Frameworks",
				);
				MARKETING_VERSION = 1.0;
				PRODUCT_BUNDLE_IDENTIFIER = "com.kazumaproject.sumire-keyboard";
				PRODUCT_NAME = "$(TARGET_NAME)";
				STRING_CATALOG_GENERATE_SYMBOLS = YES;
				SWIFT_APPROACHABLE_CONCURRENCY = YES;
				SWIFT_DEFAULT_ACTOR_ISOLATION = MainActor;
				SWIFT_EMIT_LOC_STRINGS = YES;
				SWIFT_UPCOMING_FEATURE_MEMBER_IMPORT_VISIBILITY = YES;
				SWIFT_VERSION = 5.0;
				TARGETED_DEVICE_FAMILY = "1,2";
			};
			name = Debug;
		};
		A4EBDFC72F93627000764A31 /* Release */ = {
			isa = XCBuildConfiguration;
			buildSettings = {
				ASSETCATALOG_COMPILER_APPICON_NAME = AppIcon;
				ASSETCATALOG_COMPILER_GLOBAL_ACCENT_COLOR_NAME = AccentColor;
				CODE_SIGN_STYLE = Automatic;
				CURRENT_PROJECT_VERSION = 1;
				DEVELOPMENT_TEAM = CR44666U73;
				ENABLE_PREVIEWS = YES;
				GENERATE_INFOPLIST_FILE = YES;
				INFOPLIST_KEY_UIApplicationSceneManifest_Generation = YES;
				INFOPLIST_KEY_UIApplicationSupportsIndirectInputEvents = YES;
				INFOPLIST_KEY_UILaunchScreen_Generation = YES;
				INFOPLIST_KEY_UISupportedInterfaceOrientations_iPad = "UIInterfaceOrientationPortrait UIInterfaceOrientationPortraitUpsideDown UIInterfaceOrientationLandscapeLeft UIInterfaceOrientationLandscapeRight";
				INFOPLIST_KEY_UISupportedInterfaceOrientations_iPhone = "UIInterfaceOrientationPortrait UIInterfaceOrientationLandscapeLeft UIInterfaceOrientationLandscapeRight";
				LD_RUNPATH_SEARCH_PATHS = (
					"$(inherited)",
					"@executable_path/Frameworks",
				);
				MARKETING_VERSION = 1.0;
				PRODUCT_BUNDLE_IDENTIFIER = "com.kazumaproject.sumire-keyboard";
				PRODUCT_NAME = "$(TARGET_NAME)";
				STRING_CATALOG_GENERATE_SYMBOLS = YES;
				SWIFT_APPROACHABLE_CONCURRENCY = YES;
				SWIFT_DEFAULT_ACTOR_ISOLATION = MainActor;
				SWIFT_EMIT_LOC_STRINGS = YES;
				SWIFT_UPCOMING_FEATURE_MEMBER_IMPORT_VISIBILITY = YES;
				SWIFT_VERSION = 5.0;
				TARGETED_DEVICE_FAMILY = "1,2";
			};
			name = Release;
		};
		A4EBDFC92F93627000764A31 /* Debug */ = {
			isa = XCBuildConfiguration;
			buildSettings = {
				BUNDLE_LOADER = "$(TEST_HOST)";
				CODE_SIGN_STYLE = Automatic;
				CURRENT_PROJECT_VERSION = 1;
				DEVELOPMENT_TEAM = CR44666U73;
				GENERATE_INFOPLIST_FILE = YES;
				IPHONEOS_DEPLOYMENT_TARGET = 26.4;
				MARKETING_VERSION = 1.0;
				PRODUCT_BUNDLE_IDENTIFIER = "com.kazumaproject.sumire-keyboardTests";
				PRODUCT_NAME = "$(TARGET_NAME)";
				STRING_CATALOG_GENERATE_SYMBOLS = NO;
				SWIFT_APPROACHABLE_CONCURRENCY = YES;
				SWIFT_EMIT_LOC_STRINGS = NO;
				SWIFT_UPCOMING_FEATURE_MEMBER_IMPORT_VISIBILITY = YES;
				SWIFT_VERSION = 5.0;
				TARGETED_DEVICE_FAMILY = "1,2";
				TEST_HOST = "$(BUILT_PRODUCTS_DIR)/sumire-keyboard.app/$(BUNDLE_EXECUTABLE_FOLDER_PATH)/sumire-keyboard";
			};
			name = Debug;
		};
		A4EBDFCA2F93627000764A31 /* Release */ = {
			isa = XCBuildConfiguration;
			buildSettings = {
				BUNDLE_LOADER = "$(TEST_HOST)";
				CODE_SIGN_STYLE = Automatic;
				CURRENT_PROJECT_VERSION = 1;
				DEVELOPMENT_TEAM = CR44666U73;
				GENERATE_INFOPLIST_FILE = YES;
				IPHONEOS_DEPLOYMENT_TARGET = 26.4;
				MARKETING_VERSION = 1.0;
				PRODUCT_BUNDLE_IDENTIFIER = "com.kazumaproject.sumire-keyboardTests";
				PRODUCT_NAME = "$(TARGET_NAME)";
				STRING_CATALOG_GENERATE_SYMBOLS = NO;
				SWIFT_APPROACHABLE_CONCURRENCY = YES;
				SWIFT_EMIT_LOC_STRINGS = NO;
				SWIFT_UPCOMING_FEATURE_MEMBER_IMPORT_VISIBILITY = YES;
				SWIFT_VERSION = 5.0;
				TARGETED_DEVICE_FAMILY = "1,2";
				TEST_HOST = "$(BUILT_PRODUCTS_DIR)/sumire-keyboard.app/$(BUNDLE_EXECUTABLE_FOLDER_PATH)/sumire-keyboard";
			};
			name = Release;
		};
		A4EBDFCC2F93627000764A31 /* Debug */ = {
			isa = XCBuildConfiguration;
			buildSettings = {
				CODE_SIGN_STYLE = Automatic;
				CURRENT_PROJECT_VERSION = 1;
				DEVELOPMENT_TEAM = CR44666U73;
				GENERATE_INFOPLIST_FILE = YES;
				MARKETING_VERSION = 1.0;
				PRODUCT_BUNDLE_IDENTIFIER = "com.kazumaproject.sumire-keyboardUITests";
				PRODUCT_NAME = "$(TARGET_NAME)";
				STRING_CATALOG_GENERATE_SYMBOLS = NO;
				SWIFT_APPROACHABLE_CONCURRENCY = YES;
				SWIFT_EMIT_LOC_STRINGS = NO;
				SWIFT_UPCOMING_FEATURE_MEMBER_IMPORT_VISIBILITY = YES;
				SWIFT_VERSION = 5.0;
				TARGETED_DEVICE_FAMILY = "1,2";
				TEST_TARGET_NAME = "sumire-keyboard";
			};
			name = Debug;
		};
		A4EBDFCD2F93627000764A31 /* Release */ = {
			isa = XCBuildConfiguration;
			buildSettings = {
				CODE_SIGN_STYLE = Automatic;
				CURRENT_PROJECT_VERSION = 1;
				DEVELOPMENT_TEAM = CR44666U73;
				GENERATE_INFOPLIST_FILE = YES;
				MARKETING_VERSION = 1.0;
				PRODUCT_BUNDLE_IDENTIFIER = "com.kazumaproject.sumire-keyboardUITests";
				PRODUCT_NAME = "$(TARGET_NAME)";
				STRING_CATALOG_GENERATE_SYMBOLS = NO;
				SWIFT_APPROACHABLE_CONCURRENCY = YES;
				SWIFT_EMIT_LOC_STRINGS = NO;
				SWIFT_UPCOMING_FEATURE_MEMBER_IMPORT_VISIBILITY = YES;
				SWIFT_VERSION = 5.0;
				TARGETED_DEVICE_FAMILY = "1,2";
				TEST_TARGET_NAME = "sumire-keyboard";
			};
			name = Release;
		};
		B1000000000000000000000B /* Debug */ = {
			isa = XCBuildConfiguration;
			buildSettings = {
				APPLICATION_EXTENSION_API_ONLY = YES;
				CODE_SIGN_STYLE = Automatic;
				CURRENT_PROJECT_VERSION = 1;
				DEVELOPMENT_TEAM = CR44666U73;
				GENERATE_INFOPLIST_FILE = NO;
				INFOPLIST_FILE = "sumire-keyboardKeyboard-Info.plist";
				IPHONEOS_DEPLOYMENT_TARGET = 26.4;
				LD_RUNPATH_SEARCH_PATHS = (
					"$(inherited)",
					"@executable_path/Frameworks",
					"@executable_path/../../Frameworks",
				);
				MARKETING_VERSION = 1.0;
				PRODUCT_BUNDLE_IDENTIFIER = "com.kazumaproject.sumire-keyboard.keyboard";
				PRODUCT_NAME = "$(TARGET_NAME)";
				SKIP_INSTALL = YES;
				STRING_CATALOG_GENERATE_SYMBOLS = NO;
				SWIFT_APPROACHABLE_CONCURRENCY = YES;
				SWIFT_EMIT_LOC_STRINGS = NO;
				SWIFT_UPCOMING_FEATURE_MEMBER_IMPORT_VISIBILITY = YES;
				SWIFT_VERSION = 5.0;
				TARGETED_DEVICE_FAMILY = "1,2";
			};
			name = Debug;
		};
		B1000000000000000000000C /* Release */ = {
			isa = XCBuildConfiguration;
			buildSettings = {
				APPLICATION_EXTENSION_API_ONLY = YES;
				CODE_SIGN_STYLE = Automatic;
				CURRENT_PROJECT_VERSION = 1;
				DEVELOPMENT_TEAM = CR44666U73;
				GENERATE_INFOPLIST_FILE = NO;
				INFOPLIST_FILE = "sumire-keyboardKeyboard-Info.plist";
				IPHONEOS_DEPLOYMENT_TARGET = 26.4;
				LD_RUNPATH_SEARCH_PATHS = (
					"$(inherited)",
					"@executable_path/Frameworks",
					"@executable_path/../../Frameworks",
				);
				MARKETING_VERSION = 1.0;
				PRODUCT_BUNDLE_IDENTIFIER = "com.kazumaproject.sumire-keyboard.keyboard";
				PRODUCT_NAME = "$(TARGET_NAME)";
				SKIP_INSTALL = YES;
				STRING_CATALOG_GENERATE_SYMBOLS = NO;
				SWIFT_APPROACHABLE_CONCURRENCY = YES;
				SWIFT_EMIT_LOC_STRINGS = NO;
				SWIFT_UPCOMING_FEATURE_MEMBER_IMPORT_VISIBILITY = YES;
				SWIFT_VERSION = 5.0;
				TARGETED_DEVICE_FAMILY = "1,2";
			};
			name = Release;
		};
/* End XCBuildConfiguration section */

/* Begin XCConfigurationList section */
		A4EBDF9F2F93626E00764A31 /* Build configuration list for PBXProject "sumire-keyboard" */ = {
			isa = XCConfigurationList;
			buildConfigurations = (
				A4EBDFC32F93627000764A31 /* Debug */,
				A4EBDFC42F93627000764A31 /* Release */,
			);
			defaultConfigurationIsVisible = 0;
			defaultConfigurationName = Release;
		};
		A4EBDFC52F93627000764A31 /* Build configuration list for PBXNativeTarget "sumire-keyboard" */ = {
			isa = XCConfigurationList;
			buildConfigurations = (
				A4EBDFC62F93627000764A31 /* Debug */,
				A4EBDFC72F93627000764A31 /* Release */,
			);
			defaultConfigurationIsVisible = 0;
			defaultConfigurationName = Release;
		};
		A4EBDFC82F93627000764A31 /* Build configuration list for PBXNativeTarget "sumire-keyboardTests" */ = {
			isa = XCConfigurationList;
			buildConfigurations = (
				A4EBDFC92F93627000764A31 /* Debug */,
				A4EBDFCA2F93627000764A31 /* Release */,
			);
			defaultConfigurationIsVisible = 0;
			defaultConfigurationName = Release;
		};
		A4EBDFCB2F93627000764A31 /* Build configuration list for PBXNativeTarget "sumire-keyboardUITests" */ = {
			isa = XCConfigurationList;
			buildConfigurations = (
				A4EBDFCC2F93627000764A31 /* Debug */,
				A4EBDFCD2F93627000764A31 /* Release */,
			);
			defaultConfigurationIsVisible = 0;
			defaultConfigurationName = Release;
		};
		B1000000000000000000000D /* Build configuration list for PBXNativeTarget "sumire-keyboardKeyboard" */ = {
			isa = XCConfigurationList;
			buildConfigurations = (
				B1000000000000000000000B /* Debug */,
				B1000000000000000000000C /* Release */,
			);
			defaultConfigurationIsVisible = 0;
			defaultConfigurationName = Release;
		};
/* End XCConfigurationList section */
	};
	rootObject = A4EBDF9C2F93626E00764A31 /* Project object */;
}
